// !$*UTF8*$!
{
	archiveVersion = 1;
	classes = {
	};
	objectVersion = 77;
	objects = {

/* Begin PBXBuildFile section */
		5A4DEAB12F31EF4400792425 /* RealmSwift in Frameworks */ = {isa = PBXBuildFile; productRef = 5A4DEAB02F31EF4400792425 /* RealmSwift */; };
		76879F4E2F1FC386008C0B48 /* Kingfisher in Frameworks */ = {isa = PBXBuildFile; productRef = 76879F4D2F1FC386008C0B48 /* Kingfisher */; };
		769AC3EE2EE967A3002C5582 /* FirebaseAnalytics in Frameworks */ = {isa = PBXBuildFile; productRef = 769AC3ED2EE967A3002C5582 /* FirebaseAnalytics */; };
		769AC3F02EE967A3002C5582 /* FirebaseCore in Frameworks */ = {isa = PBXBuildFile; productRef = 769AC3EF2EE967A3002C5582 /* FirebaseCore */; };
		769AC3F22EE967A3002C5582 /* FirebaseMessaging in Frameworks */ = {isa = PBXBuildFile; productRef = 769AC3F12EE967A3002C5582 /* FirebaseMessaging */; };
		769BF0552EF0547700CE2253 /* .gitignore in Resources */ = {isa = PBXBuildFile; fileRef = 769BF0542EF0547700CE2253 /* .gitignore */; };
		76B6D93C2F3734E400D7CAD4 /* SocketIO in Frameworks */ = {isa = PBXBuildFile; productRef = 76B6D93B2F3734E400D7CAD4 /* SocketIO */; };
		76C423872F2F25D9009C4ED6 /* iamport-ios in Frameworks */ = {isa = PBXBuildFile; productRef = 76C423862F2F25D9009C4ED6 /* iamport-ios */; };
/* End PBXBuildFile section */

/* Begin PBXFileReference section */
		769AC3DE2EE9656D002C5582 /* FlowLab.app */ = {isa = PBXFileReference; explicitFileType = wrapper.application; includeInIndex = 0; path = FlowLab.app; sourceTree = BUILT_PRODUCTS_DIR; };
		769BF0542EF0547700CE2253 /* .gitignore */ = {isa = PBXFileReference; lastKnownFileType = text; path = .gitignore; sourceTree = "<group>"; };
/* End PBXFileReference section */

/* Begin PBXFileSystemSynchronizedBuildFileExceptionSet section */
		769AC3F52EE9898E002C5582 /* Exceptions for "FlowLab" folder in "FlowLab" target */ = {
			isa = PBXFileSystemSynchronizedBuildFileExceptionSet;
			membershipExceptions = (
				Info.plist,
			);
			target = 769AC3DD2EE9656D002C5582 /* FlowLab */;
		};
/* End PBXFileSystemSynchronizedBuildFileExceptionSet section */

/* Begin PBXFileSystemSynchronizedRootGroup section */
		769AC3E02EE9656D002C5582 /* FlowLab */ = {
			isa = PBXFileSystemSynchronizedRootGroup;
			exceptions = (
				769AC3F52EE9898E002C5582 /* Exceptions for "FlowLab" folder in "FlowLab" target */,
			);
			path = FlowLab;
			sourceTree = "<group>";
		};
/* End PBXFileSystemSynchronizedRootGroup section */

/* Begin PBXFrameworksBuildPhase section */
		769AC3DB2EE9656D002C5582 /* Frameworks */ = {
			isa = PBXFrameworksBuildPhase;
			buildActionMask = 2147483647;
			files = (
				76C423872F2F25D9009C4ED6 /* iamport-ios in Frameworks */,
				5A4DEAB12F31EF4400792425 /* RealmSwift in Frameworks */,
				76B6D93C2F3734E400D7CAD4 /* SocketIO in Frameworks */,
				76879F4E2F1FC386008C0B48 /* Kingfisher in Frameworks */,
				769AC3F22EE967A3002C5582 /* FirebaseMessaging in Frameworks */,
				769AC3F02EE967A3002C5582 /* FirebaseCore in Frameworks */,
				769AC3EE2EE967A3002C5582 /* FirebaseAnalytics in Frameworks */,
			);
			runOnlyForDeploymentPostprocessing = 0;
		};
/* End PBXFrameworksBuildPhase section */

/* Begin PBXGroup section */
		769AC3D52EE9656D002C5582 = {
			isa = PBXGroup;
			children = (
				769BF0542EF0547700CE2253 /* .gitignore */,
				769AC3E02EE9656D002C5582 /* FlowLab */,
				769AC3DF2EE9656D002C5582 /* Products */,
			);
			sourceTree = "<group>";
		};
		769AC3DF2EE9656D002C5582 /* Products */ = {
			isa = PBXGroup;
			children = (
				769AC3DE2EE9656D002C5582 /* FlowLab.app */,
			);
			name = Products;
			sourceTree = "<group>";
		};
/* End PBXGroup section */

/* Begin PBXNativeTarget section */
		769AC3DD2EE9656D002C5582 /* FlowLab */ = {
			isa = PBXNativeTarget;
			buildConfigurationList = 769AC3E92EE9656E002C5582 /* Build configuration list for PBXNativeTarget "FlowLab" */;
			buildPhases = (
				769AC3DA2EE9656D002C5582 /* Sources */,
				769AC3DB2EE9656D002C5582 /* Frameworks */,
				769AC3DC2EE9656D002C5582 /* Resources */,
			);
			buildRules = (
			);
			dependencies = (
			);
			fileSystemSynchronizedGroups = (
				769AC3E02EE9656D002C5582 /* FlowLab */,
			);
			name = FlowLab;
			packageProductDependencies = (
				769AC3ED2EE967A3002C5582 /* FirebaseAnalytics */,
				769AC3EF2EE967A3002C5582 /* FirebaseCore */,
				769AC3F12EE967A3002C5582 /* FirebaseMessaging */,
				76879F4D2F1FC386008C0B48 /* Kingfisher */,
				76C423862F2F25D9009C4ED6 /* iamport-ios */,
				5A4DEAB02F31EF4400792425 /* RealmSwift */,
				76B6D93B2F3734E400D7CAD4 /* SocketIO */,
			);
			productName = FlowLab;
			productReference = 769AC3DE2EE9656D002C5582 /* FlowLab.app */;
			productType = "com.apple.product-type.application";
		};
/* End PBXNativeTarget section */

/* Begin PBXProject section */
		769AC3D62EE9656D002C5582 /* Project object */ = {
			isa = PBXProject;
			attributes = {
				BuildIndependentTargetsInParallel = 1;
				LastSwiftUpdateCheck = 2610;
				LastUpgradeCheck = 2610;
				TargetAttributes = {
					769AC3DD2EE9656D002C5582 = {
						CreatedOnToolsVersion = 26.1;
					};
				};
			};
			buildConfigurationList = 769AC3D92EE9656D002C5582 /* Build configuration list for PBXProject "FlowLab" */;
			developmentRegion = en;
			hasScannedForEncodings = 0;
			knownRegions = (
				en,
				Base,
			);
			mainGroup = 769AC3D52EE9656D002C5582;
			minimizedProjectReferenceProxies = 1;
			packageReferences = (
				769AC3EC2EE967A3002C5582 /* XCRemoteSwiftPackageReference "firebase-ios-sdk" */,
				76879F4C2F1FC386008C0B48 /* XCRemoteSwiftPackageReference "Kingfisher" */,
				76C423852F2F25D9009C4ED6 /* XCRemoteSwiftPackageReference "iamport-ios" */,
				5A4DEAAD2F31EF4400792425 /* XCRemoteSwiftPackageReference "realm-swift" */,
				76B6D93A2F3734E400D7CAD4 /* XCRemoteSwiftPackageReference "socket.io-client-swift" */,
			);
			preferredProjectObjectVersion = 77;
			productRefGroup = 769AC3DF2EE9656D002C5582 /* Products */;
			projectDirPath = "";
			projectRoot = "";
			targets = (
				769AC3DD2EE9656D002C5582 /* FlowLab */,
			);
		};
/* End PBXProject section */

/* Begin PBXResourcesBuildPhase section */
		769AC3DC2EE9656D002C5582 /* Resources */ = {
			isa = PBXResourcesBuildPhase;
			buildActionMask = 2147483647;
			files = (
				769BF0552EF0547700CE2253 /* .gitignore in Resources */,
			);
			runOnlyForDeploymentPostprocessing = 0;
		};
/* End PBXResourcesBuildPhase section */

/* Begin PBXSourcesBuildPhase section */
		769AC3DA2EE9656D002C5582 /* Sources */ = {
			isa = PBXSourcesBuildPhase;
			buildActionMask = 2147483647;
			files = (
			);
			runOnlyForDeploymentPostprocessing = 0;
		};
/* End PBXSourcesBuildPhase section */

/* Begin XCBuildConfiguration section */
		769AC3E72EE9656E002C5582 /* Debug */ = {
			isa = XCBuildConfiguration;
			buildSettings = {
				ALWAYS_SEARCH_USER_PATHS = NO;
				ASSETCATALOG_COMPILER_GENERATE_SWIFT_ASSET_SYMBOL_EXTENSIONS = YES;
				CLANG_ANALYZER_NONNULL = YES;
				CLANG_ANALYZER_NUMBER_OBJECT_CONVERSION = YES_AGGRESSIVE;
				CLANG_CXX_LANGUAGE_STANDARD = "gnu++20";
				CLANG_ENABLE_MODULES = YES;
				CLANG_ENABLE_OBJC_ARC = YES;
				CLANG_ENABLE_OBJC_WEAK = YES;
				CLANG_WARN_BLOCK_CAPTURE_AUTORELEASING = YES;
				CLANG_WARN_BOOL_CONVERSION = YES;
				CLANG_WARN_COMMA = YES;
				CLANG_WARN_CONSTANT_CONVERSION = YES;
				CLANG_WARN_DEPRECATED_OBJC_IMPLEMENTATIONS = YES;
				CLANG_WARN_DIRECT_OBJC_ISA_USAGE = YES_ERROR;
				CLANG_WARN_DOCUMENTATION_COMMENTS = YES;
				CLANG_WARN_EMPTY_BODY = YES;
				CLANG_WARN_ENUM_CONVERSION = YES;
				CLANG_WARN_INFINITE_RECURSION = YES;
				CLANG_WARN_INT_CONVERSION = YES;
				CLANG_WARN_NON_LITERAL_NULL_CONVERSION = YES;
				CLANG_WARN_OBJC_IMPLICIT_RETAIN_SELF = YES;
				CLANG_WARN_OBJC_LITERAL_CONVERSION = YES;
				CLANG_WARN_OBJC_ROOT_CLASS = YES_ERROR;
				CLANG_WARN_QUOTED_INCLUDE_IN_FRAMEWORK_HEADER = YES;
				CLANG_WARN_RANGE_LOOP_ANALYSIS = YES;
				CLANG_WARN_STRICT_PROTOTYPES = YES;
				CLANG_WARN_SUSPICIOUS_MOVE = YES;
				CLANG_WARN_UNGUARDED_AVAILABILITY = YES_AGGRESSIVE;
				CLANG_WARN_UNREACHABLE_CODE = YES;
				CLANG_WARN__DUPLICATE_METHOD_MATCH = YES;
				COPY_PHASE_STRIP = NO;
				DEBUG_INFORMATION_FORMAT = dwarf;
				DEVELOPMENT_TEAM = HVS8D6M24R;
				ENABLE_STRICT_OBJC_MSGSEND = YES;
				ENABLE_TESTABILITY = YES;
				ENABLE_USER_SCRIPT_SANDBOXING = YES;
				GCC_C_LANGUAGE_STANDARD = gnu17;
				GCC_DYNAMIC_NO_PIC = NO;
				GCC_NO_COMMON_BLOCKS = YES;
				GCC_OPTIMIZATION_LEVEL = 0;
				GCC_PREPROCESSOR_DEFINITIONS = (
					"DEBUG=1",
					"$(inherited)",
				);
				GCC_WARN_64_TO_32_BIT_CONVERSION = YES;
				GCC_WARN_ABOUT_RETURN_TYPE = YES_ERROR;
				GCC_WARN_UNDECLARED_SELECTOR = YES;
				GCC_WARN_UNINITIALIZED_AUTOS = YES_AGGRESSIVE;
				GCC_WARN_UNUSED_FUNCTION = YES;
				GCC_WARN_UNUSED_VARIABLE = YES;
				IPHONEOS_DEPLOYMENT_TARGET = 26.1;
				LOCALIZATION_PREFERS_STRING_CATALOGS = YES;
				MTL_ENABLE_DEBUG_INFO = INCLUDE_SOURCE;
				MTL_FAST_MATH = YES;
				ONLY_ACTIVE_ARCH = YES;
				SDKROOT = iphoneos;
				SWIFT_ACTIVE_COMPILATION_CONDITIONS = "DEBUG $(inherited)";
				SWIFT_OPTIMIZATION_LEVEL = "-Onone";
			};
			name = Debug;
		};
		769AC3E82EE9656E002C5582 /* Release */ = {
			isa = XCBuildConfiguration;
			buildSettings = {
				ALWAYS_SEARCH_USER_PATHS = NO;
				ASSETCATALOG_COMPILER_GENERATE_SWIFT_ASSET_SYMBOL_EXTENSIONS = YES;
				CLANG_ANALYZER_NONNULL = YES;
				CLANG_ANALYZER_NUMBER_OBJECT_CONVERSION = YES_AGGRESSIVE;
				CLANG_CXX_LANGUAGE_STANDARD = "gnu++20";
				CLANG_ENABLE_MODULES = YES;
				CLANG_ENABLE_OBJC_ARC = YES;
				CLANG_ENABLE_OBJC_WEAK = YES;
				CLANG_WARN_BLOCK_CAPTURE_AUTORELEASING = YES;
				CLANG_WARN_BOOL_CONVERSION = YES;
				CLANG_WARN_COMMA = YES;
				CLANG_WARN_CONSTANT_CONVERSION = YES;
				CLANG_WARN_DEPRECATED_OBJC_IMPLEMENTATIONS = YES;
				CLANG_WARN_DIRECT_OBJC_ISA_USAGE = YES_ERROR;
				CLANG_WARN_DOCUMENTATION_COMMENTS = YES;
				CLANG_WARN_EMPTY_BODY = YES;
				CLANG_WARN_ENUM_CONVERSION = YES;
				CLANG_WARN_INFINITE_RECURSION = YES;
				CLANG_WARN_INT_CONVERSION = YES;
				CLANG_WARN_NON_LITERAL_NULL_CONVERSION = YES;
				CLANG_WARN_OBJC_IMPLICIT_RETAIN_SELF = YES;
				CLANG_WARN_OBJC_LITERAL_CONVERSION = YES;
				CLANG_WARN_OBJC_ROOT_CLASS = YES_ERROR;
				CLANG_WARN_QUOTED_INCLUDE_IN_FRAMEWORK_HEADER = YES;
				CLANG_WARN_RANGE_LOOP_ANALYSIS = YES;
				CLANG_WARN_STRICT_PROTOTYPES = YES;
				CLANG_WARN_SUSPICIOUS_MOVE = YES;
				CLANG_WARN_UNGUARDED_AVAILABILITY = YES_AGGRESSIVE;
				CLANG_WARN_UNREACHABLE_CODE = YES;
				CLANG_WARN__DUPLICATE_METHOD_MATCH = YES;
				COPY_PHASE_STRIP = NO;
				DEBUG_INFORMATION_FORMAT = "dwarf-with-dsym";
				DEVELOPMENT_TEAM = HVS8D6M24R;
				ENABLE_NS_ASSERTIONS = NO;
				ENABLE_STRICT_OBJC_MSGSEND = YES;
				ENABLE_USER_SCRIPT_SANDBOXING = YES;
				GCC_C_LANGUAGE_STANDARD = gnu17;
				GCC_NO_COMMON_BLOCKS = YES;
				GCC_WARN_64_TO_32_BIT_CONVERSION = YES;
				GCC_WARN_ABOUT_RETURN_TYPE = YES_ERROR;
				GCC_WARN_UNDECLARED_SELECTOR = YES;
				GCC_WARN_UNINITIALIZED_AUTOS = YES_AGGRESSIVE;
				GCC_WARN_UNUSED_FUNCTION = YES;
				GCC_WARN_UNUSED_VARIABLE = YES;
				IPHONEOS_DEPLOYMENT_TARGET = 26.1;
				LOCALIZATION_PREFERS_STRING_CATALOGS = YES;
				MTL_ENABLE_DEBUG_INFO = NO;
				MTL_FAST_MATH = YES;
				SDKROOT = iphoneos;
				SWIFT_COMPILATION_MODE = wholemodule;
				VALIDATE_PRODUCT = YES;
			};
			name = Release;
		};
		769AC3EA2EE9656E002C5582 /* Debug */ = {
			isa = XCBuildConfiguration;
			buildSettings = {
				ASSETCATALOG_COMPILER_APPICON_NAME = AppIcon;
				ASSETCATALOG_COMPILER_GLOBAL_ACCENT_COLOR_NAME = AccentColor;
				CODE_SIGN_ENTITLEMENTS = FlowLab/FlowLab.entitlements;
				CODE_SIGN_STYLE = Automatic;
				CURRENT_PROJECT_VERSION = 1;
				DEVELOPMENT_TEAM = HVS8D6M24R;
				ENABLE_PREVIEWS = YES;
				GENERATE_INFOPLIST_FILE = YES;
				INFOPLIST_FILE = FlowLab/Info.plist;
				INFOPLIST_KEY_UIApplicationSceneManifest_Generation = YES;
				INFOPLIST_KEY_UIApplicationSupportsIndirectInputEvents = YES;
				INFOPLIST_KEY_UILaunchScreen_Generation = YES;
				INFOPLIST_KEY_UISupportedInterfaceOrientations_iPad = "UIInterfaceOrientationPortrait UIInterfaceOrientationPortraitUpsideDown UIInterfaceOrientationLandscapeLeft UIInterfaceOrientationLandscapeRight";
				INFOPLIST_KEY_UISupportedInterfaceOrientations_iPhone = "UIInterfaceOrientationPortrait UIInterfaceOrientationLandscapeLeft UIInterfaceOrientationLandscapeRight";
				IPHONEOS_DEPLOYMENT_TARGET = 17.0;
				LD_RUNPATH_SEARCH_PATHS = (
					"$(inherited)",
					"@executable_path/Frameworks",
				);
				MARKETING_VERSION = 1.0;
				PRODUCT_BUNDLE_IDENTIFIER = com.maekie.Cachu;
				PRODUCT_NAME = "$(TARGET_NAME)";
				STRING_CATALOG_GENERATE_SYMBOLS = YES;
				SUPPORTED_PLATFORMS = "iphoneos iphonesimulator";
				SUPPORTS_MACCATALYST = NO;
				SUPPORTS_MAC_DESIGNED_FOR_IPHONE_IPAD = NO;
				SUPPORTS_XR_DESIGNED_FOR_IPHONE_IPAD = NO;
				SWIFT_APPROACHABLE_CONCURRENCY = YES;
				SWIFT_DEFAULT_ACTOR_ISOLATION = MainActor;
				SWIFT_EMIT_LOC_STRINGS = YES;
				SWIFT_UPCOMING_FEATURE_MEMBER_IMPORT_VISIBILITY = YES;
				SWIFT_VERSION = 5.0;
				TARGETED_DEVICE_FAMILY = 1;
			};
			name = Debug;
		};
		769AC3EB2EE9656E002C5582 /* Release */ = {
			isa = XCBuildConfiguration;
			buildSettings = {
				ASSETCATALOG_COMPILER_APPICON_NAME = AppIcon;
				ASSETCATALOG_COMPILER_GLOBAL_ACCENT_COLOR_NAME = AccentColor;
				CODE_SIGN_ENTITLEMENTS = FlowLab/FlowLab.entitlements;
				CODE_SIGN_STYLE = Automatic;
				CURRENT_PROJECT_VERSION = 1;
				DEVELOPMENT_TEAM = HVS8D6M24R;
				ENABLE_PREVIEWS = YES;
				GENERATE_INFOPLIST_FILE = YES;
				INFOPLIST_FILE = FlowLab/Info.plist;
				INFOPLIST_KEY_UIApplicationSceneManifest_Generation = YES;
				INFOPLIST_KEY_UIApplicationSupportsIndirectInputEvents = YES;
				INFOPLIST_KEY_UILaunchScreen_Generation = YES;
				INFOPLIST_KEY_UISupportedInterfaceOrientations_iPad = "UIInterfaceOrientationPortrait UIInterfaceOrientationPortraitUpsideDown UIInterfaceOrientationLandscapeLeft UIInterfaceOrientationLandscapeRight";
				INFOPLIST_KEY_UISupportedInterfaceOrientations_iPhone = "UIInterfaceOrientationPortrait UIInterfaceOrientationLandscapeLeft UIInterfaceOrientationLandscapeRight";
				IPHONEOS_DEPLOYMENT_TARGET = 17.0;
				LD_RUNPATH_SEARCH_PATHS = (
					"$(inherited)",
					"@executable_path/Frameworks",
				);
				MARKETING_VERSION = 1.0;
				PRODUCT_BUNDLE_IDENTIFIER = com.maekie.Cachu;
				PRODUCT_NAME = "$(TARGET_NAME)";
				STRING_CATALOG_GENERATE_SYMBOLS = YES;
				SUPPORTED_PLATFORMS = "iphoneos iphonesimulator";
				SUPPORTS_MACCATALYST = NO;
				SUPPORTS_MAC_DESIGNED_FOR_IPHONE_IPAD = NO;
				SUPPORTS_XR_DESIGNED_FOR_IPHONE_IPAD = NO;
				SWIFT_APPROACHABLE_CONCURRENCY = YES;
				SWIFT_DEFAULT_ACTOR_ISOLATION = MainActor;
				SWIFT_EMIT_LOC_STRINGS = YES;
				SWIFT_UPCOMING_FEATURE_MEMBER_IMPORT_VISIBILITY = YES;
				SWIFT_VERSION = 5.0;
				TARGETED_DEVICE_FAMILY = 1;
			};
			name = Release;
		};
/* End XCBuildConfiguration section */

/* Begin XCConfigurationList section */
		769AC3D92EE9656D002C5582 /* Build configuration list for PBXProject "FlowLab" */ = {
			isa = XCConfigurationList;
			buildConfigurations = (
				769AC3E72EE9656E002C5582 /* Debug */,
				769AC3E82EE9656E002C5582 /* Release */,
			);
			defaultConfigurationIsVisible = 0;
			defaultConfigurationName = Release;
		};
		769AC3E92EE9656E002C5582 /* Build configuration list for PBXNativeTarget "FlowLab" */ = {
			isa = XCConfigurationList;
			buildConfigurations = (
				769AC3EA2EE9656E002C5582 /* Debug */,
				769AC3EB2EE9656E002C5582 /* Release */,
			);
			defaultConfigurationIsVisible = 0;
			defaultConfigurationName = Release;
		};
/* End XCConfigurationList section */

/* Begin XCRemoteSwiftPackageReference section */
		5A4DEAAD2F31EF4400792425 /* XCRemoteSwiftPackageReference "realm-swift" */ = {
			isa = XCRemoteSwiftPackageReference;
			repositoryURL = "https://github.com/realm/realm-swift.git";
			requirement = {
				branch = master;
				kind = branch;
			};
		};
		76879F4C2F1FC386008C0B48 /* XCRemoteSwiftPackageReference "Kingfisher" */ = {
			isa = XCRemoteSwiftPackageReference;
			repositoryURL = "https://github.com/onevcat/Kingfisher.git";
			requirement = {
				kind = upToNextMajorVersion;
				minimumVersion = 8.6.2;
			};
		};
		769AC3EC2EE967A3002C5582 /* XCRemoteSwiftPackageReference "firebase-ios-sdk" */ = {
			isa = XCRemoteSwiftPackageReference;
			repositoryURL = "https://github.com/firebase/firebase-ios-sdk.git";
			requirement = {
				kind = upToNextMajorVersion;
				minimumVersion = 12.6.0;
			};
		};
		76B6D93A2F3734E400D7CAD4 /* XCRemoteSwiftPackageReference "socket.io-client-swift" */ = {
			isa = XCRemoteSwiftPackageReference;
			repositoryURL = "https://github.com/socketio/socket.io-client-swift.git";
			requirement = {
				branch = master;
				kind = branch;
			};
		};
		76C423852F2F25D9009C4ED6 /* XCRemoteSwiftPackageReference "iamport-ios" */ = {
			isa = XCRemoteSwiftPackageReference;
			repositoryURL = "https://github.com/iamport/iamport-ios.git";
			requirement = {
				kind = upToNextMajorVersion;
				minimumVersion = 1.4.7;
			};
		};
/* End XCRemoteSwiftPackageReference section */

/* Begin XCSwiftPackageProductDependency section */
		5A4DEAB02F31EF4400792425 /* RealmSwift */ = {
			isa = XCSwiftPackageProductDependency;
			package = 5A4DEAAD2F31EF4400792425 /* XCRemoteSwiftPackageReference "realm-swift" */;
			productName = RealmSwift;
		};
		76879F4D2F1FC386008C0B48 /* Kingfisher */ = {
			isa = XCSwiftPackageProductDependency;
			package = 76879F4C2F1FC386008C0B48 /* XCRemoteSwiftPackageReference "Kingfisher" */;
			productName = Kingfisher;
		};
		769AC3ED2EE967A3002C5582 /* FirebaseAnalytics */ = {
			isa = XCSwiftPackageProductDependency;
			package = 769AC3EC2EE967A3002C5582 /* XCRemoteSwiftPackageReference "firebase-ios-sdk" */;
			productName = FirebaseAnalytics;
		};
		769AC3EF2EE967A3002C5582 /* FirebaseCore */ = {
			isa = XCSwiftPackageProductDependency;
			package = 769AC3EC2EE967A3002C5582 /* XCRemoteSwiftPackageReference "firebase-ios-sdk" */;
			productName = FirebaseCore;
		};
		769AC3F12EE967A3002C5582 /* FirebaseMessaging */ = {
			isa = XCSwiftPackageProductDependency;
			package = 769AC3EC2EE967A3002C5582 /* XCRemoteSwiftPackageReference "firebase-ios-sdk" */;
			productName = FirebaseMessaging;
		};
		76B6D93B2F3734E400D7CAD4 /* SocketIO */ = {
			isa = XCSwiftPackageProductDependency;
			package = 76B6D93A2F3734E400D7CAD4 /* XCRemoteSwiftPackageReference "socket.io-client-swift" */;
			productName = SocketIO;
		};
		76C423862F2F25D9009C4ED6 /* iamport-ios */ = {
			isa = XCSwiftPackageProductDependency;
			package = 76C423852F2F25D9009C4ED6 /* XCRemoteSwiftPackageReference "iamport-ios" */;
			productName = "iamport-ios";
		};
/* End XCSwiftPackageProductDependency section */
	};
	rootObject = 769AC3D62EE9656D002C5582 /* Project object */;
}
